
Microsoft Visual Studio Solution File, Format Version 12.00
# Visual Studio Version 17
VisualStudioVersion = 17.13.35919.96 d17.13
MinimumVisualStudioVersion = 10.0.40219.1
Project("{FAE04EC0-301F-11D3-BF4B-00C04F79EFBC}") = "LAB3Pro", "LAB3Pro\LAB3Pro.csproj", "{9246BB58-C7E3-4517-877B-BC93E6235610}"
EndProject
Global
	GlobalSection(SolutionConfigurationPlatforms) = preSolution
		Debug|Any CPU = Debug|Any CPU
		Release|Any CPU = Release|Any CPU
	EndGlobalSection
	GlobalSection(ProjectConfigurationPlatforms) = postSolution
		{9246BB58-C7E3-4517-877B-BC93E6235610}.Debug|Any CPU.ActiveCfg = Debug|Any CPU
		{9246BB58-C7E3-4517-877B-BC93E6235610}.Debug|Any CPU.Build.0 = Debug|Any CPU
		{9246BB58-C7E3-4517-877B-BC93E6235610}.Release|Any CPU.ActiveCfg = Release|Any CPU
		{9246BB58-C7E3-4517-877B-BC93E6235610}.Release|Any CPU.Build.0 = Release|Any CPU
	EndGlobalSection
	GlobalSection(SolutionProperties) = preSolution
		HideSolutionNode = FALSE
	EndGlobalSection
	GlobalSection(ExtensibilityGlobals) = postSolution
		SolutionGuid = {2D79D484-358B-4A44-BAEE-3DDBA2F91FC1}
	EndGlobalSection
EndGlobal
