
Microsoft Visual Studio Solution File, Format Version 12.00
# Visual Studio Version 17
VisualStudioVersion = 17.13.35919.96 d17.13
MinimumVisualStudioVersion = 10.0.40219.1
Project("{FAE04EC0-301F-11D3-BF4B-00C04F79EFBC}") = "LAB02", "LAB02\LAB02.csproj", "{9A12AD67-BA32-43C2-A702-8293C90CA5D7}"
EndProject
Global
	GlobalSection(SolutionConfigurationPlatforms) = preSolution
		Debug|Any CPU = Debug|Any CPU
		Release|Any CPU = Release|Any CPU
	EndGlobalSection
	GlobalSection(ProjectConfigurationPlatforms) = postSolution
		{9A12AD67-BA32-43C2-A702-8293C90CA5D7}.Debug|Any CPU.ActiveCfg = Debug|Any CPU
		{9A12AD67-BA32-43C2-A702-8293C90CA5D7}.Debug|Any CPU.Build.0 = Debug|Any CPU
		{9A12AD67-BA32-43C2-A702-8293C90CA5D7}.Release|Any CPU.ActiveCfg = Release|Any CPU
		{9A12AD67-BA32-43C2-A702-8293C90CA5D7}.Release|Any CPU.Build.0 = Release|Any CPU
	EndGlobalSection
	GlobalSection(SolutionProperties) = preSolution
		HideSolutionNode = FALSE
	EndGlobalSection
	GlobalSection(ExtensibilityGlobals) = postSolution
		SolutionGuid = {E03F82D3-1022-4993-BFD9-E57C1741A96B}
	EndGlobalSection
EndGlobal
